{
  "object": {
    "pins": [
      {
        "package": "Kingfisher",
        "repositoryURL": "https://github.com/onevcat/Kingfisher.git",
        "state": {
          "branch": null,
          "revision": "44450a8f564d7c0165f736ba2250649ff8d3e556",
          "version": "6.3.0"
        }
      },
      {
        "package": "SENetworking",
        "repositoryURL": "https://github.com/kudoleh/SENetworking",
        "state": {
          "branch": null,
          "revision": "269082f42c4b0847ef6c33904822e3dbfc477311",
          "version": "1.0.7"
        }
      }
    ]
  },
  "version": 1
}
