// !$*UTF8*$!
{
	archiveVersion = 1;
	classes = {
	};
	objectVersion = 52;
	objects = {

/* Begin PBXBuildFile section */
		50A8CCBB263D6D33007ED9BA /* AppDelegate.swift in Sources */ = {isa = PBXBuildFile; fileRef = 50A8CCBA263D6D33007ED9BA /* AppDelegate.swift */; };
		50A8CCC4263D6D43007ED9BA /* Assets.xcassets in Resources */ = {isa = PBXBuildFile; fileRef = 50A8CCC3263D6D43007ED9BA /* Assets.xcassets */; };
		50A8CCC7263D6D43007ED9BA /* LaunchScreen.storyboard in Resources */ = {isa = PBXBuildFile; fileRef = 50A8CCC5263D6D43007ED9BA /* LaunchScreen.storyboard */; };
		50A8CCD2263D6D43007ED9BA /* ChallengeTests.swift in Sources */ = {isa = PBXBuildFile; fileRef = 50A8CCD1263D6D43007ED9BA /* ChallengeTests.swift */; };
		50A8CCDD263D6D43007ED9BA /* ChallengeUITests.swift in Sources */ = {isa = PBXBuildFile; fileRef = 50A8CCDC263D6D43007ED9BA /* ChallengeUITests.swift */; };
		50A8CCED263DB7DE007ED9BA /* NetworkConfiguration.swift in Sources */ = {isa = PBXBuildFile; fileRef = 50A8CCEC263DB7DE007ED9BA /* NetworkConfiguration.swift */; };
		50A8CCF0263DB886007ED9BA /* SENetworking in Frameworks */ = {isa = PBXBuildFile; productRef = 50A8CCEF263DB886007ED9BA /* SENetworking */; };
		50A8CCF2263DBA0D007ED9BA /* ApiEndpoints.swift in Sources */ = {isa = PBXBuildFile; fileRef = 50A8CCF1263DBA0D007ED9BA /* ApiEndpoints.swift */; };
		50A8CCF6263DBB83007ED9BA /* MovieModel.swift in Sources */ = {isa = PBXBuildFile; fileRef = 50A8CCF5263DBB83007ED9BA /* MovieModel.swift */; };
		50A8CCF8263DBBB9007ED9BA /* MovieDetailsModel.swift in Sources */ = {isa = PBXBuildFile; fileRef = 50A8CCF7263DBBB9007ED9BA /* MovieDetailsModel.swift */; };
		50A8CD05263DBFDB007ED9BA /* MoviesEndpoint.swift in Sources */ = {isa = PBXBuildFile; fileRef = 50A8CD04263DBFDB007ED9BA /* MoviesEndpoint.swift */; };
		50A8CD07263DBFF8007ED9BA /* MovieDetailsEndpoint.swift in Sources */ = {isa = PBXBuildFile; fileRef = 50A8CD06263DBFF8007ED9BA /* MovieDetailsEndpoint.swift */; };
		50A8CD09263DC036007ED9BA /* RecommendedEndpoint.swift in Sources */ = {isa = PBXBuildFile; fileRef = 50A8CD08263DC036007ED9BA /* RecommendedEndpoint.swift */; };
		50A8CD0D263DCD64007ED9BA /* Publisher.swift in Sources */ = {isa = PBXBuildFile; fileRef = 50A8CD0C263DCD64007ED9BA /* Publisher.swift */; };
		50A8CD0F263DD053007ED9BA /* MoviesViewModel.swift in Sources */ = {isa = PBXBuildFile; fileRef = 50A8CD0E263DD053007ED9BA /* MoviesViewModel.swift */; };
		50A8CD13263DD098007ED9BA /* MoviesTableViewController.swift in Sources */ = {isa = PBXBuildFile; fileRef = 50A8CD11263DD098007ED9BA /* MoviesTableViewController.swift */; };
		50A8CD14263DD098007ED9BA /* MoviesTableViewController.xib in Resources */ = {isa = PBXBuildFile; fileRef = 50A8CD12263DD098007ED9BA /* MoviesTableViewController.xib */; };
		50A8CD17263DD3F6007ED9BA /* NetworkServices.swift in Sources */ = {isa = PBXBuildFile; fileRef = 50A8CD16263DD3F6007ED9BA /* NetworkServices.swift */; };
		50A8CD19263DD978007ED9BA /* MovieDetailsViewModel.swift in Sources */ = {isa = PBXBuildFile; fileRef = 50A8CD18263DD978007ED9BA /* MovieDetailsViewModel.swift */; };
		50A8CD1C263DDF5A007ED9BA /* RecommendedViewModel.swift in Sources */ = {isa = PBXBuildFile; fileRef = 50A8CD1B263DDF5A007ED9BA /* RecommendedViewModel.swift */; };
		50A8CD1E263DEBD5007ED9BA /* NetworkServices+MovieDetails.swift in Sources */ = {isa = PBXBuildFile; fileRef = 50A8CD1D263DEBD5007ED9BA /* NetworkServices+MovieDetails.swift */; };
		50A8CD20263DEC10007ED9BA /* NetworkServices+Movies.swift in Sources */ = {isa = PBXBuildFile; fileRef = 50A8CD1F263DEC10007ED9BA /* NetworkServices+Movies.swift */; };
		50A8CD22263DEC42007ED9BA /* NetworkServices+Recommended.swift in Sources */ = {isa = PBXBuildFile; fileRef = 50A8CD21263DEC42007ED9BA /* NetworkServices+Recommended.swift */; };
		50A8CD2B263DEFD6007ED9BA /* Coordinator.swift in Sources */ = {isa = PBXBuildFile; fileRef = 50A8CD2A263DEFD6007ED9BA /* Coordinator.swift */; };
		50A8CD2E263DF063007ED9BA /* MoviesListCoordinator.swift in Sources */ = {isa = PBXBuildFile; fileRef = 50A8CD2D263DF063007ED9BA /* MoviesListCoordinator.swift */; };
		50A8CD37263DFB69007ED9BA /* MovieTableViewCell.swift in Sources */ = {isa = PBXBuildFile; fileRef = 50A8CD35263DFB69007ED9BA /* MovieTableViewCell.swift */; };
		50A8CD38263DFB69007ED9BA /* MovieTableViewCell.xib in Resources */ = {isa = PBXBuildFile; fileRef = 50A8CD36263DFB69007ED9BA /* MovieTableViewCell.xib */; };
		50A8CD3E263DFE28007ED9BA /* TableViewCell+Extension.swift in Sources */ = {isa = PBXBuildFile; fileRef = 50A8CD3D263DFE27007ED9BA /* TableViewCell+Extension.swift */; };
		50A8CD40263E0156007ED9BA /* MovieCellViewModel.swift in Sources */ = {isa = PBXBuildFile; fileRef = 50A8CD3F263E0156007ED9BA /* MovieCellViewModel.swift */; };
		50A8CD4A263EB3E4007ED9BA /* MovieDetailsViewController.swift in Sources */ = {isa = PBXBuildFile; fileRef = 50A8CD48263EB3E4007ED9BA /* MovieDetailsViewController.swift */; };
		50A8CD4B263EB3E4007ED9BA /* MovieDetailsViewController.xib in Resources */ = {isa = PBXBuildFile; fileRef = 50A8CD49263EB3E4007ED9BA /* MovieDetailsViewController.xib */; };
		50A8CD4D263ECA4F007ED9BA /* Date+Extension.swift in Sources */ = {isa = PBXBuildFile; fileRef = 50A8CD4C263ECA4F007ED9BA /* Date+Extension.swift */; };
		50A8CD4F263ED1FF007ED9BA /* MovieDetailsCoordinator.swift in Sources */ = {isa = PBXBuildFile; fileRef = 50A8CD4E263ED1FF007ED9BA /* MovieDetailsCoordinator.swift */; };
		50A8CD51263EE055007ED9BA /* RecommendedCollectionView.swift in Sources */ = {isa = PBXBuildFile; fileRef = 50A8CD50263EE055007ED9BA /* RecommendedCollectionView.swift */; };
		50A8CD55263EE090007ED9BA /* MovieCollectionViewCell.swift in Sources */ = {isa = PBXBuildFile; fileRef = 50A8CD53263EE090007ED9BA /* MovieCollectionViewCell.swift */; };
		50A8CD56263EE090007ED9BA /* MovieCollectionViewCell.xib in Resources */ = {isa = PBXBuildFile; fileRef = 50A8CD54263EE090007ED9BA /* MovieCollectionViewCell.xib */; };
		50A8CD58263EE0AB007ED9BA /* CollectionViewCell+Extension.swift in Sources */ = {isa = PBXBuildFile; fileRef = 50A8CD57263EE0AB007ED9BA /* CollectionViewCell+Extension.swift */; };
		50A8CD5B263F1D45007ED9BA /* Alert.swift in Sources */ = {isa = PBXBuildFile; fileRef = 50A8CD5A263F1D45007ED9BA /* Alert.swift */; };
		50A8CD5E263F36D0007ED9BA /* ViewModelsTests.swift in Sources */ = {isa = PBXBuildFile; fileRef = 50A8CD5D263F36D0007ED9BA /* ViewModelsTests.swift */; };
		50A8CD60263F461B007ED9BA /* PublisherTests.swift in Sources */ = {isa = PBXBuildFile; fileRef = 50A8CD5F263F461B007ED9BA /* PublisherTests.swift */; };
		50A8CD6326401B55007ED9BA /* Kingfisher in Frameworks */ = {isa = PBXBuildFile; productRef = 50A8CD6226401B55007ED9BA /* Kingfisher */; };
/* End PBXBuildFile section */

/* Begin PBXContainerItemProxy section */
		50A8CCCE263D6D43007ED9BA /* PBXContainerItemProxy */ = {
			isa = PBXContainerItemProxy;
			containerPortal = 50A8CCAF263D6D33007ED9BA /* Project object */;
			proxyType = 1;
			remoteGlobalIDString = 50A8CCB6263D6D33007ED9BA;
			remoteInfo = Challenge;
		};
		50A8CCD9263D6D43007ED9BA /* PBXContainerItemProxy */ = {
			isa = PBXContainerItemProxy;
			containerPortal = 50A8CCAF263D6D33007ED9BA /* Project object */;
			proxyType = 1;
			remoteGlobalIDString = 50A8CCB6263D6D33007ED9BA;
			remoteInfo = Challenge;
		};
/* End PBXContainerItemProxy section */

/* Begin PBXFileReference section */
		50A8CCB7263D6D33007ED9BA /* Challenge.app */ = {isa = PBXFileReference; explicitFileType = wrapper.application; includeInIndex = 0; path = Challenge.app; sourceTree = BUILT_PRODUCTS_DIR; };
		50A8CCBA263D6D33007ED9BA /* AppDelegate.swift */ = {isa = PBXFileReference; lastKnownFileType = sourcecode.swift; path = AppDelegate.swift; sourceTree = "<group>"; };
		50A8CCC3263D6D43007ED9BA /* Assets.xcassets */ = {isa = PBXFileReference; lastKnownFileType = folder.assetcatalog; path = Assets.xcassets; sourceTree = "<group>"; };
		50A8CCC6263D6D43007ED9BA /* Base */ = {isa = PBXFileReference; lastKnownFileType = file.storyboard; name = Base; path = Base.lproj/LaunchScreen.storyboard; sourceTree = "<group>"; };
		50A8CCC8263D6D43007ED9BA /* Info.plist */ = {isa = PBXFileReference; lastKnownFileType = text.plist.xml; path = Info.plist; sourceTree = "<group>"; };
		50A8CCCD263D6D43007ED9BA /* ChallengeTests.xctest */ = {isa = PBXFileReference; explicitFileType = wrapper.cfbundle; includeInIndex = 0; path = ChallengeTests.xctest; sourceTree = BUILT_PRODUCTS_DIR; };
		50A8CCD1263D6D43007ED9BA /* ChallengeTests.swift */ = {isa = PBXFileReference; lastKnownFileType = sourcecode.swift; path = ChallengeTests.swift; sourceTree = "<group>"; };
		50A8CCD3263D6D43007ED9BA /* Info.plist */ = {isa = PBXFileReference; lastKnownFileType = text.plist.xml; path = Info.plist; sourceTree = "<group>"; };
		50A8CCD8263D6D43007ED9BA /* ChallengeUITests.xctest */ = {isa = PBXFileReference; explicitFileType = wrapper.cfbundle; includeInIndex = 0; path = ChallengeUITests.xctest; sourceTree = BUILT_PRODUCTS_DIR; };
		50A8CCDC263D6D43007ED9BA /* ChallengeUITests.swift */ = {isa = PBXFileReference; lastKnownFileType = sourcecode.swift; path = ChallengeUITests.swift; sourceTree = "<group>"; };
		50A8CCDE263D6D43007ED9BA /* Info.plist */ = {isa = PBXFileReference; lastKnownFileType = text.plist.xml; path = Info.plist; sourceTree = "<group>"; };
		50A8CCEC263DB7DE007ED9BA /* NetworkConfiguration.swift */ = {isa = PBXFileReference; lastKnownFileType = sourcecode.swift; path = NetworkConfiguration.swift; sourceTree = "<group>"; };
		50A8CCF1263DBA0D007ED9BA /* ApiEndpoints.swift */ = {isa = PBXFileReference; lastKnownFileType = sourcecode.swift; path = ApiEndpoints.swift; sourceTree = "<group>"; };
		50A8CCF5263DBB83007ED9BA /* MovieModel.swift */ = {isa = PBXFileReference; lastKnownFileType = sourcecode.swift; path = MovieModel.swift; sourceTree = "<group>"; };
		50A8CCF7263DBBB9007ED9BA /* MovieDetailsModel.swift */ = {isa = PBXFileReference; lastKnownFileType = sourcecode.swift; path = MovieDetailsModel.swift; sourceTree = "<group>"; };
		50A8CD04263DBFDB007ED9BA /* MoviesEndpoint.swift */ = {isa = PBXFileReference; lastKnownFileType = sourcecode.swift; path = MoviesEndpoint.swift; sourceTree = "<group>"; };
		50A8CD06263DBFF8007ED9BA /* MovieDetailsEndpoint.swift */ = {isa = PBXFileReference; lastKnownFileType = sourcecode.swift; path = MovieDetailsEndpoint.swift; sourceTree = "<group>"; };
		50A8CD08263DC036007ED9BA /* RecommendedEndpoint.swift */ = {isa = PBXFileReference; lastKnownFileType = sourcecode.swift; path = RecommendedEndpoint.swift; sourceTree = "<group>"; };
		50A8CD0C263DCD64007ED9BA /* Publisher.swift */ = {isa = PBXFileReference; lastKnownFileType = sourcecode.swift; path = Publisher.swift; sourceTree = "<group>"; };
		50A8CD0E263DD053007ED9BA /* MoviesViewModel.swift */ = {isa = PBXFileReference; lastKnownFileType = sourcecode.swift; path = MoviesViewModel.swift; sourceTree = "<group>"; };
		50A8CD11263DD098007ED9BA /* MoviesTableViewController.swift */ = {isa = PBXFileReference; lastKnownFileType = sourcecode.swift; path = MoviesTableViewController.swift; sourceTree = "<group>"; };
		50A8CD12263DD098007ED9BA /* MoviesTableViewController.xib */ = {isa = PBXFileReference; lastKnownFileType = file.xib; path = MoviesTableViewController.xib; sourceTree = "<group>"; };
		50A8CD16263DD3F6007ED9BA /* NetworkServices.swift */ = {isa = PBXFileReference; lastKnownFileType = sourcecode.swift; path = NetworkServices.swift; sourceTree = "<group>"; };
		50A8CD18263DD978007ED9BA /* MovieDetailsViewModel.swift */ = {isa = PBXFileReference; lastKnownFileType = sourcecode.swift; path = MovieDetailsViewModel.swift; sourceTree = "<group>"; };
		50A8CD1B263DDF5A007ED9BA /* RecommendedViewModel.swift */ = {isa = PBXFileReference; lastKnownFileType = sourcecode.swift; path = RecommendedViewModel.swift; sourceTree = "<group>"; };
		50A8CD1D263DEBD5007ED9BA /* NetworkServices+MovieDetails.swift */ = {isa = PBXFileReference; lastKnownFileType = sourcecode.swift; path = "NetworkServices+MovieDetails.swift"; sourceTree = "<group>"; };
		50A8CD1F263DEC10007ED9BA /* NetworkServices+Movies.swift */ = {isa = PBXFileReference; lastKnownFileType = sourcecode.swift; path = "NetworkServices+Movies.swift"; sourceTree = "<group>"; };
		50A8CD21263DEC42007ED9BA /* NetworkServices+Recommended.swift */ = {isa = PBXFileReference; lastKnownFileType = sourcecode.swift; path = "NetworkServices+Recommended.swift"; sourceTree = "<group>"; };
		50A8CD2A263DEFD6007ED9BA /* Coordinator.swift */ = {isa = PBXFileReference; lastKnownFileType = sourcecode.swift; path = Coordinator.swift; sourceTree = "<group>"; };
		50A8CD2D263DF063007ED9BA /* MoviesListCoordinator.swift */ = {isa = PBXFileReference; lastKnownFileType = sourcecode.swift; path = MoviesListCoordinator.swift; sourceTree = "<group>"; };
		50A8CD35263DFB69007ED9BA /* MovieTableViewCell.swift */ = {isa = PBXFileReference; lastKnownFileType = sourcecode.swift; path = MovieTableViewCell.swift; sourceTree = "<group>"; };
		50A8CD36263DFB69007ED9BA /* MovieTableViewCell.xib */ = {isa = PBXFileReference; lastKnownFileType = file.xib; path = MovieTableViewCell.xib; sourceTree = "<group>"; };
		50A8CD3D263DFE27007ED9BA /* TableViewCell+Extension.swift */ = {isa = PBXFileReference; lastKnownFileType = sourcecode.swift; path = "TableViewCell+Extension.swift"; sourceTree = "<group>"; };
		50A8CD3F263E0156007ED9BA /* MovieCellViewModel.swift */ = {isa = PBXFileReference; lastKnownFileType = sourcecode.swift; path = MovieCellViewModel.swift; sourceTree = "<group>"; };
		50A8CD48263EB3E4007ED9BA /* MovieDetailsViewController.swift */ = {isa = PBXFileReference; lastKnownFileType = sourcecode.swift; path = MovieDetailsViewController.swift; sourceTree = "<group>"; };
		50A8CD49263EB3E4007ED9BA /* MovieDetailsViewController.xib */ = {isa = PBXFileReference; lastKnownFileType = file.xib; path = MovieDetailsViewController.xib; sourceTree = "<group>"; };
		50A8CD4C263ECA4F007ED9BA /* Date+Extension.swift */ = {isa = PBXFileReference; lastKnownFileType = sourcecode.swift; path = "Date+Extension.swift"; sourceTree = "<group>"; };
		50A8CD4E263ED1FF007ED9BA /* MovieDetailsCoordinator.swift */ = {isa = PBXFileReference; lastKnownFileType = sourcecode.swift; path = MovieDetailsCoordinator.swift; sourceTree = "<group>"; };
		50A8CD50263EE055007ED9BA /* RecommendedCollectionView.swift */ = {isa = PBXFileReference; lastKnownFileType = sourcecode.swift; path = RecommendedCollectionView.swift; sourceTree = "<group>"; };
		50A8CD53263EE090007ED9BA /* MovieCollectionViewCell.swift */ = {isa = PBXFileReference; lastKnownFileType = sourcecode.swift; path = MovieCollectionViewCell.swift; sourceTree = "<group>"; };
		50A8CD54263EE090007ED9BA /* MovieCollectionViewCell.xib */ = {isa = PBXFileReference; lastKnownFileType = file.xib; path = MovieCollectionViewCell.xib; sourceTree = "<group>"; };
		50A8CD57263EE0AB007ED9BA /* CollectionViewCell+Extension.swift */ = {isa = PBXFileReference; lastKnownFileType = sourcecode.swift; path = "CollectionViewCell+Extension.swift"; sourceTree = "<group>"; };
		50A8CD5A263F1D45007ED9BA /* Alert.swift */ = {isa = PBXFileReference; lastKnownFileType = sourcecode.swift; path = Alert.swift; sourceTree = "<group>"; };
		50A8CD5D263F36D0007ED9BA /* ViewModelsTests.swift */ = {isa = PBXFileReference; lastKnownFileType = sourcecode.swift; path = ViewModelsTests.swift; sourceTree = "<group>"; };
		50A8CD5F263F461B007ED9BA /* PublisherTests.swift */ = {isa = PBXFileReference; lastKnownFileType = sourcecode.swift; path = PublisherTests.swift; sourceTree = "<group>"; };
/* End PBXFileReference section */

/* Begin PBXFrameworksBuildPhase section */
		50A8CCB4263D6D33007ED9BA /* Frameworks */ = {
			isa = PBXFrameworksBuildPhase;
			buildActionMask = 2147483647;
			files = (
				50A8CD6326401B55007ED9BA /* Kingfisher in Frameworks */,
				50A8CCF0263DB886007ED9BA /* SENetworking in Frameworks */,
			);
			runOnlyForDeploymentPostprocessing = 0;
		};
		50A8CCCA263D6D43007ED9BA /* Frameworks */ = {
			isa = PBXFrameworksBuildPhase;
			buildActionMask = 2147483647;
			files = (
			);
			runOnlyForDeploymentPostprocessing = 0;
		};
		50A8CCD5263D6D43007ED9BA /* Frameworks */ = {
			isa = PBXFrameworksBuildPhase;
			buildActionMask = 2147483647;
			files = (
			);
			runOnlyForDeploymentPostprocessing = 0;
		};
/* End PBXFrameworksBuildPhase section */

/* Begin PBXGroup section */
		50A8CCAE263D6D33007ED9BA = {
			isa = PBXGroup;
			children = (
				50A8CCB9263D6D33007ED9BA /* Challenge */,
				50A8CCD0263D6D43007ED9BA /* ChallengeTests */,
				50A8CCDB263D6D43007ED9BA /* ChallengeUITests */,
				50A8CCB8263D6D33007ED9BA /* Products */,
			);
			sourceTree = "<group>";
		};
		50A8CCB8263D6D33007ED9BA /* Products */ = {
			isa = PBXGroup;
			children = (
				50A8CCB7263D6D33007ED9BA /* Challenge.app */,
				50A8CCCD263D6D43007ED9BA /* ChallengeTests.xctest */,
				50A8CCD8263D6D43007ED9BA /* ChallengeUITests.xctest */,
			);
			name = Products;
			sourceTree = "<group>";
		};
		50A8CCB9263D6D33007ED9BA /* Challenge */ = {
			isa = PBXGroup;
			children = (
				50A8CD0A263DC055007ED9BA /* App */,
				50A8CCF9263DBF0D007ED9BA /* Scenes */,
				50A8CD33263DFB22007ED9BA /* Components */,
				50A8CCF3263DBB35007ED9BA /* Shared */,
				50A8CCEA263DB373007ED9BA /* NetworkServices */,
				50A8CCC3263D6D43007ED9BA /* Assets.xcassets */,
				50A8CCC8263D6D43007ED9BA /* Info.plist */,
			);
			path = Challenge;
			sourceTree = "<group>";
		};
		50A8CCD0263D6D43007ED9BA /* ChallengeTests */ = {
			isa = PBXGroup;
			children = (
				50A8CCD1263D6D43007ED9BA /* ChallengeTests.swift */,
				50A8CCD3263D6D43007ED9BA /* Info.plist */,
				50A8CD5D263F36D0007ED9BA /* ViewModelsTests.swift */,
				50A8CD5F263F461B007ED9BA /* PublisherTests.swift */,
			);
			path = ChallengeTests;
			sourceTree = "<group>";
		};
		50A8CCDB263D6D43007ED9BA /* ChallengeUITests */ = {
			isa = PBXGroup;
			children = (
				50A8CCDC263D6D43007ED9BA /* ChallengeUITests.swift */,
				50A8CCDE263D6D43007ED9BA /* Info.plist */,
			);
			path = ChallengeUITests;
			sourceTree = "<group>";
		};
		50A8CCEA263DB373007ED9BA /* NetworkServices */ = {
			isa = PBXGroup;
			children = (
				50A8CCEC263DB7DE007ED9BA /* NetworkConfiguration.swift */,
				50A8CCF1263DBA0D007ED9BA /* ApiEndpoints.swift */,
				50A8CD16263DD3F6007ED9BA /* NetworkServices.swift */,
			);
			path = NetworkServices;
			sourceTree = "<group>";
		};
		50A8CCF3263DBB35007ED9BA /* Shared */ = {
			isa = PBXGroup;
			children = (
				50A8CD59263F1D38007ED9BA /* Protocols */,
				50A8CD3C263DFE0B007ED9BA /* Extensions */,
				50A8CD29263DEFC9007ED9BA /* Coordinator */,
				50A8CD0B263DCCA8007ED9BA /* PubSub */,
				50A8CCF4263DBB3E007ED9BA /* Models */,
			);
			path = Shared;
			sourceTree = "<group>";
		};
		50A8CCF4263DBB3E007ED9BA /* Models */ = {
			isa = PBXGroup;
			children = (
				50A8CCF5263DBB83007ED9BA /* MovieModel.swift */,
				50A8CCF7263DBBB9007ED9BA /* MovieDetailsModel.swift */,
			);
			path = Models;
			sourceTree = "<group>";
		};
		50A8CCF9263DBF0D007ED9BA /* Scenes */ = {
			isa = PBXGroup;
			children = (
				50A8CCC5263D6D43007ED9BA /* LaunchScreen.storyboard */,
				50A8CCFA263DBF13007ED9BA /* Movies List */,
				50A8CCFB263DBF1D007ED9BA /* Movie Details */,
				50A8CD1A263DDF3F007ED9BA /* Recommended */,
			);
			path = Scenes;
			sourceTree = "<group>";
		};
		50A8CCFA263DBF13007ED9BA /* Movies List */ = {
			isa = PBXGroup;
			children = (
				50A8CCFF263DBF49007ED9BA /* Coordinator */,
				50A8CCFC263DBF2A007ED9BA /* Network */,
				50A8CCFE263DBF3F007ED9BA /* View */,
				50A8CCFD263DBF37007ED9BA /* View Model */,
				50A8CD10263DD05E007ED9BA /* Controller */,
			);
			path = "Movies List";
			sourceTree = "<group>";
		};
		50A8CCFB263DBF1D007ED9BA /* Movie Details */ = {
			isa = PBXGroup;
			children = (
				50A8CD03263DBF52007ED9BA /* Coordinator */,
				50A8CD00263DBF52007ED9BA /* Network */,
				50A8CD01263DBF52007ED9BA /* View */,
				50A8CD02263DBF52007ED9BA /* View Model */,
				50A8CD15263DD0A7007ED9BA /* Controller */,
			);
			path = "Movie Details";
			sourceTree = "<group>";
		};
		50A8CCFC263DBF2A007ED9BA /* Network */ = {
			isa = PBXGroup;
			children = (
				50A8CD04263DBFDB007ED9BA /* MoviesEndpoint.swift */,
				50A8CD1F263DEC10007ED9BA /* NetworkServices+Movies.swift */,
			);
			path = Network;
			sourceTree = "<group>";
		};
		50A8CCFD263DBF37007ED9BA /* View Model */ = {
			isa = PBXGroup;
			children = (
				50A8CD0E263DD053007ED9BA /* MoviesViewModel.swift */,
			);
			path = "View Model";
			sourceTree = "<group>";
		};
		50A8CCFE263DBF3F007ED9BA /* View */ = {
			isa = PBXGroup;
			children = (
				50A8CD12263DD098007ED9BA /* MoviesTableViewController.xib */,
			);
			path = View;
			sourceTree = "<group>";
		};
		50A8CCFF263DBF49007ED9BA /* Coordinator */ = {
			isa = PBXGroup;
			children = (
				50A8CD2D263DF063007ED9BA /* MoviesListCoordinator.swift */,
			);
			path = Coordinator;
			sourceTree = "<group>";
		};
		50A8CD00263DBF52007ED9BA /* Network */ = {
			isa = PBXGroup;
			children = (
				50A8CD06263DBFF8007ED9BA /* MovieDetailsEndpoint.swift */,
				50A8CD1D263DEBD5007ED9BA /* NetworkServices+MovieDetails.swift */,
			);
			path = Network;
			sourceTree = "<group>";
		};
		50A8CD01263DBF52007ED9BA /* View */ = {
			isa = PBXGroup;
			children = (
				50A8CD49263EB3E4007ED9BA /* MovieDetailsViewController.xib */,
			);
			path = View;
			sourceTree = "<group>";
		};
		50A8CD02263DBF52007ED9BA /* View Model */ = {
			isa = PBXGroup;
			children = (
				50A8CD18263DD978007ED9BA /* MovieDetailsViewModel.swift */,
			);
			path = "View Model";
			sourceTree = "<group>";
		};
		50A8CD03263DBF52007ED9BA /* Coordinator */ = {
			isa = PBXGroup;
			children = (
				50A8CD4E263ED1FF007ED9BA /* MovieDetailsCoordinator.swift */,
			);
			path = Coordinator;
			sourceTree = "<group>";
		};
		50A8CD0A263DC055007ED9BA /* App */ = {
			isa = PBXGroup;
			children = (
				50A8CCBA263D6D33007ED9BA /* AppDelegate.swift */,
			);
			path = App;
			sourceTree = "<group>";
		};
		50A8CD0B263DCCA8007ED9BA /* PubSub */ = {
			isa = PBXGroup;
			children = (
				50A8CD0C263DCD64007ED9BA /* Publisher.swift */,
			);
			path = PubSub;
			sourceTree = "<group>";
		};
		50A8CD10263DD05E007ED9BA /* Controller */ = {
			isa = PBXGroup;
			children = (
				50A8CD11263DD098007ED9BA /* MoviesTableViewController.swift */,
			);
			path = Controller;
			sourceTree = "<group>";
		};
		50A8CD15263DD0A7007ED9BA /* Controller */ = {
			isa = PBXGroup;
			children = (
				50A8CD48263EB3E4007ED9BA /* MovieDetailsViewController.swift */,
			);
			path = Controller;
			sourceTree = "<group>";
		};
		50A8CD1A263DDF3F007ED9BA /* Recommended */ = {
			isa = PBXGroup;
			children = (
				50A8CD25263DED0B007ED9BA /* Network */,
				50A8CD26263DED18007ED9BA /* View Model */,
				50A8CD28263DED43007ED9BA /* Controller */,
			);
			path = Recommended;
			sourceTree = "<group>";
		};
		50A8CD25263DED0B007ED9BA /* Network */ = {
			isa = PBXGroup;
			children = (
				50A8CD08263DC036007ED9BA /* RecommendedEndpoint.swift */,
				50A8CD21263DEC42007ED9BA /* NetworkServices+Recommended.swift */,
			);
			path = Network;
			sourceTree = "<group>";
		};
		50A8CD26263DED18007ED9BA /* View Model */ = {
			isa = PBXGroup;
			children = (
				50A8CD1B263DDF5A007ED9BA /* RecommendedViewModel.swift */,
			);
			path = "View Model";
			sourceTree = "<group>";
		};
		50A8CD28263DED43007ED9BA /* Controller */ = {
			isa = PBXGroup;
			children = (
				50A8CD50263EE055007ED9BA /* RecommendedCollectionView.swift */,
			);
			path = Controller;
			sourceTree = "<group>";
		};
		50A8CD29263DEFC9007ED9BA /* Coordinator */ = {
			isa = PBXGroup;
			children = (
				50A8CD2A263DEFD6007ED9BA /* Coordinator.swift */,
			);
			path = Coordinator;
			sourceTree = "<group>";
		};
		50A8CD33263DFB22007ED9BA /* Components */ = {
			isa = PBXGroup;
			children = (
				50A8CD52263EE05E007ED9BA /* MovieCollectionViewCell */,
				50A8CD34263DFB36007ED9BA /* MovieTableViewCell */,
			);
			path = Components;
			sourceTree = "<group>";
		};
		50A8CD34263DFB36007ED9BA /* MovieTableViewCell */ = {
			isa = PBXGroup;
			children = (
				50A8CD3B263DFB7E007ED9BA /* Controller */,
				50A8CD3A263DFB78007ED9BA /* View */,
				50A8CD39263DFB6E007ED9BA /* ViewModel */,
			);
			path = MovieTableViewCell;
			sourceTree = "<group>";
		};
		50A8CD39263DFB6E007ED9BA /* ViewModel */ = {
			isa = PBXGroup;
			children = (
				50A8CD3F263E0156007ED9BA /* MovieCellViewModel.swift */,
			);
			path = ViewModel;
			sourceTree = "<group>";
		};
		50A8CD3A263DFB78007ED9BA /* View */ = {
			isa = PBXGroup;
			children = (
				50A8CD36263DFB69007ED9BA /* MovieTableViewCell.xib */,
			);
			path = View;
			sourceTree = "<group>";
		};
		50A8CD3B263DFB7E007ED9BA /* Controller */ = {
			isa = PBXGroup;
			children = (
				50A8CD35263DFB69007ED9BA /* MovieTableViewCell.swift */,
			);
			path = Controller;
			sourceTree = "<group>";
		};
		50A8CD3C263DFE0B007ED9BA /* Extensions */ = {
			isa = PBXGroup;
			children = (
				50A8CD3D263DFE27007ED9BA /* TableViewCell+Extension.swift */,
				50A8CD4C263ECA4F007ED9BA /* Date+Extension.swift */,
				50A8CD57263EE0AB007ED9BA /* CollectionViewCell+Extension.swift */,
			);
			path = Extensions;
			sourceTree = "<group>";
		};
		50A8CD52263EE05E007ED9BA /* MovieCollectionViewCell */ = {
			isa = PBXGroup;
			children = (
				50A8CD53263EE090007ED9BA /* MovieCollectionViewCell.swift */,
				50A8CD54263EE090007ED9BA /* MovieCollectionViewCell.xib */,
			);
			path = MovieCollectionViewCell;
			sourceTree = "<group>";
		};
		50A8CD59263F1D38007ED9BA /* Protocols */ = {
			isa = PBXGroup;
			children = (
				50A8CD5A263F1D45007ED9BA /* Alert.swift */,
			);
			path = Protocols;
			sourceTree = "<group>";
		};
/* End PBXGroup section */

/* Begin PBXNativeTarget section */
		50A8CCB6263D6D33007ED9BA /* Challenge */ = {
			isa = PBXNativeTarget;
			buildConfigurationList = 50A8CCE1263D6D43007ED9BA /* Build configuration list for PBXNativeTarget "Challenge" */;
			buildPhases = (
				50A8CCB3263D6D33007ED9BA /* Sources */,
				50A8CCB4263D6D33007ED9BA /* Frameworks */,
				50A8CCB5263D6D33007ED9BA /* Resources */,
			);
			buildRules = (
			);
			dependencies = (
			);
			name = Challenge;
			packageProductDependencies = (
				50A8CCEF263DB886007ED9BA /* SENetworking */,
				50A8CD6226401B55007ED9BA /* Kingfisher */,
			);
			productName = Challenge;
			productReference = 50A8CCB7263D6D33007ED9BA /* Challenge.app */;
			productType = "com.apple.product-type.application";
		};
		50A8CCCC263D6D43007ED9BA /* ChallengeTests */ = {
			isa = PBXNativeTarget;
			buildConfigurationList = 50A8CCE4263D6D43007ED9BA /* Build configuration list for PBXNativeTarget "ChallengeTests" */;
			buildPhases = (
				50A8CCC9263D6D43007ED9BA /* Sources */,
				50A8CCCA263D6D43007ED9BA /* Frameworks */,
				50A8CCCB263D6D43007ED9BA /* Resources */,
			);
			buildRules = (
			);
			dependencies = (
				50A8CCCF263D6D43007ED9BA /* PBXTargetDependency */,
			);
			name = ChallengeTests;
			productName = ChallengeTests;
			productReference = 50A8CCCD263D6D43007ED9BA /* ChallengeTests.xctest */;
			productType = "com.apple.product-type.bundle.unit-test";
		};
		50A8CCD7263D6D43007ED9BA /* ChallengeUITests */ = {
			isa = PBXNativeTarget;
			buildConfigurationList = 50A8CCE7263D6D43007ED9BA /* Build configuration list for PBXNativeTarget "ChallengeUITests" */;
			buildPhases = (
				50A8CCD4263D6D43007ED9BA /* Sources */,
				50A8CCD5263D6D43007ED9BA /* Frameworks */,
				50A8CCD6263D6D43007ED9BA /* Resources */,
			);
			buildRules = (
			);
			dependencies = (
				50A8CCDA263D6D43007ED9BA /* PBXTargetDependency */,
			);
			name = ChallengeUITests;
			productName = ChallengeUITests;
			productReference = 50A8CCD8263D6D43007ED9BA /* ChallengeUITests.xctest */;
			productType = "com.apple.product-type.bundle.ui-testing";
		};
/* End PBXNativeTarget section */

/* Begin PBXProject section */
		50A8CCAF263D6D33007ED9BA /* Project object */ = {
			isa = PBXProject;
			attributes = {
				LastSwiftUpdateCheck = 1250;
				LastUpgradeCheck = 1250;
				TargetAttributes = {
					50A8CCB6263D6D33007ED9BA = {
						CreatedOnToolsVersion = 12.5;
					};
					50A8CCCC263D6D43007ED9BA = {
						CreatedOnToolsVersion = 12.5;
						TestTargetID = 50A8CCB6263D6D33007ED9BA;
					};
					50A8CCD7263D6D43007ED9BA = {
						CreatedOnToolsVersion = 12.5;
						TestTargetID = 50A8CCB6263D6D33007ED9BA;
					};
				};
			};
			buildConfigurationList = 50A8CCB2263D6D33007ED9BA /* Build configuration list for PBXProject "Challenge" */;
			compatibilityVersion = "Xcode 9.3";
			developmentRegion = en;
			hasScannedForEncodings = 0;
			knownRegions = (
				en,
				Base,
			);
			mainGroup = 50A8CCAE263D6D33007ED9BA;
			packageReferences = (
				50A8CCEE263DB886007ED9BA /* XCRemoteSwiftPackageReference "SENetworking" */,
				50A8CD6126401B55007ED9BA /* XCRemoteSwiftPackageReference "Kingfisher" */,
			);
			productRefGroup = 50A8CCB8263D6D33007ED9BA /* Products */;
			projectDirPath = "";
			projectRoot = "";
			targets = (
				50A8CCB6263D6D33007ED9BA /* Challenge */,
				50A8CCCC263D6D43007ED9BA /* ChallengeTests */,
				50A8CCD7263D6D43007ED9BA /* ChallengeUITests */,
			);
		};
/* End PBXProject section */

/* Begin PBXResourcesBuildPhase section */
		50A8CCB5263D6D33007ED9BA /* Resources */ = {
			isa = PBXResourcesBuildPhase;
			buildActionMask = 2147483647;
			files = (
				50A8CCC7263D6D43007ED9BA /* LaunchScreen.storyboard in Resources */,
				50A8CD14263DD098007ED9BA /* MoviesTableViewController.xib in Resources */,
				50A8CD38263DFB69007ED9BA /* MovieTableViewCell.xib in Resources */,
				50A8CCC4263D6D43007ED9BA /* Assets.xcassets in Resources */,
				50A8CD4B263EB3E4007ED9BA /* MovieDetailsViewController.xib in Resources */,
				50A8CD56263EE090007ED9BA /* MovieCollectionViewCell.xib in Resources */,
			);
			runOnlyForDeploymentPostprocessing = 0;
		};
		50A8CCCB263D6D43007ED9BA /* Resources */ = {
			isa = PBXResourcesBuildPhase;
			buildActionMask = 2147483647;
			files = (
			);
			runOnlyForDeploymentPostprocessing = 0;
		};
		50A8CCD6263D6D43007ED9BA /* Resources */ = {
			isa = PBXResourcesBuildPhase;
			buildActionMask = 2147483647;
			files = (
			);
			runOnlyForDeploymentPostprocessing = 0;
		};
/* End PBXResourcesBuildPhase section */

/* Begin PBXSourcesBuildPhase section */
		50A8CCB3263D6D33007ED9BA /* Sources */ = {
			isa = PBXSourcesBuildPhase;
			buildActionMask = 2147483647;
			files = (
				50A8CD58263EE0AB007ED9BA /* CollectionViewCell+Extension.swift in Sources */,
				50A8CD20263DEC10007ED9BA /* NetworkServices+Movies.swift in Sources */,
				50A8CD0D263DCD64007ED9BA /* Publisher.swift in Sources */,
				50A8CCF6263DBB83007ED9BA /* MovieModel.swift in Sources */,
				50A8CCF8263DBBB9007ED9BA /* MovieDetailsModel.swift in Sources */,
				50A8CD05263DBFDB007ED9BA /* MoviesEndpoint.swift in Sources */,
				50A8CD4A263EB3E4007ED9BA /* MovieDetailsViewController.swift in Sources */,
				50A8CD4F263ED1FF007ED9BA /* MovieDetailsCoordinator.swift in Sources */,
				50A8CD09263DC036007ED9BA /* RecommendedEndpoint.swift in Sources */,
				50A8CD07263DBFF8007ED9BA /* MovieDetailsEndpoint.swift in Sources */,
				50A8CD17263DD3F6007ED9BA /* NetworkServices.swift in Sources */,
				50A8CD2B263DEFD6007ED9BA /* Coordinator.swift in Sources */,
				50A8CCBB263D6D33007ED9BA /* AppDelegate.swift in Sources */,
				50A8CD37263DFB69007ED9BA /* MovieTableViewCell.swift in Sources */,
				50A8CD40263E0156007ED9BA /* MovieCellViewModel.swift in Sources */,
				50A8CD19263DD978007ED9BA /* MovieDetailsViewModel.swift in Sources */,
				50A8CD51263EE055007ED9BA /* RecommendedCollectionView.swift in Sources */,
				50A8CD4D263ECA4F007ED9BA /* Date+Extension.swift in Sources */,
				50A8CCED263DB7DE007ED9BA /* NetworkConfiguration.swift in Sources */,
				50A8CD1C263DDF5A007ED9BA /* RecommendedViewModel.swift in Sources */,
				50A8CD13263DD098007ED9BA /* MoviesTableViewController.swift in Sources */,
				50A8CD3E263DFE28007ED9BA /* TableViewCell+Extension.swift in Sources */,
				50A8CD55263EE090007ED9BA /* MovieCollectionViewCell.swift in Sources */,
				50A8CD5B263F1D45007ED9BA /* Alert.swift in Sources */,
				50A8CD2E263DF063007ED9BA /* MoviesListCoordinator.swift in Sources */,
				50A8CCF2263DBA0D007ED9BA /* ApiEndpoints.swift in Sources */,
				50A8CD0F263DD053007ED9BA /* MoviesViewModel.swift in Sources */,
				50A8CD1E263DEBD5007ED9BA /* NetworkServices+MovieDetails.swift in Sources */,
				50A8CD22263DEC42007ED9BA /* NetworkServices+Recommended.swift in Sources */,
			);
			runOnlyForDeploymentPostprocessing = 0;
		};
		50A8CCC9263D6D43007ED9BA /* Sources */ = {
			isa = PBXSourcesBuildPhase;
			buildActionMask = 2147483647;
			files = (
				50A8CCD2263D6D43007ED9BA /* ChallengeTests.swift in Sources */,
				50A8CD5E263F36D0007ED9BA /* ViewModelsTests.swift in Sources */,
				50A8CD60263F461B007ED9BA /* PublisherTests.swift in Sources */,
			);
			runOnlyForDeploymentPostprocessing = 0;
		};
		50A8CCD4263D6D43007ED9BA /* Sources */ = {
			isa = PBXSourcesBuildPhase;
			buildActionMask = 2147483647;
			files = (
				50A8CCDD263D6D43007ED9BA /* ChallengeUITests.swift in Sources */,
			);
			runOnlyForDeploymentPostprocessing = 0;
		};
/* End PBXSourcesBuildPhase section */

/* Begin PBXTargetDependency section */
		50A8CCCF263D6D43007ED9BA /* PBXTargetDependency */ = {
			isa = PBXTargetDependency;
			target = 50A8CCB6263D6D33007ED9BA /* Challenge */;
			targetProxy = 50A8CCCE263D6D43007ED9BA /* PBXContainerItemProxy */;
		};
		50A8CCDA263D6D43007ED9BA /* PBXTargetDependency */ = {
			isa = PBXTargetDependency;
			target = 50A8CCB6263D6D33007ED9BA /* Challenge */;
			targetProxy = 50A8CCD9263D6D43007ED9BA /* PBXContainerItemProxy */;
		};
/* End PBXTargetDependency section */

/* Begin PBXVariantGroup section */
		50A8CCC5263D6D43007ED9BA /* LaunchScreen.storyboard */ = {
			isa = PBXVariantGroup;
			children = (
				50A8CCC6263D6D43007ED9BA /* Base */,
			);
			name = LaunchScreen.storyboard;
			sourceTree = "<group>";
		};
/* End PBXVariantGroup section */

/* Begin XCBuildConfiguration section */
		50A8CCDF263D6D43007ED9BA /* Debug */ = {
			isa = XCBuildConfiguration;
			buildSettings = {
				ALWAYS_SEARCH_USER_PATHS = NO;
				CLANG_ANALYZER_NONNULL = YES;
				CLANG_ANALYZER_NUMBER_OBJECT_CONVERSION = YES_AGGRESSIVE;
				CLANG_CXX_LANGUAGE_STANDARD = "gnu++14";
				CLANG_CXX_LIBRARY = "libc++";
				CLANG_ENABLE_MODULES = YES;
				CLANG_ENABLE_OBJC_ARC = YES;
				CLANG_ENABLE_OBJC_WEAK = YES;
				CLANG_WARN_BLOCK_CAPTURE_AUTORELEASING = YES;
				CLANG_WARN_BOOL_CONVERSION = YES;
				CLANG_WARN_COMMA = YES;
				CLANG_WARN_CONSTANT_CONVERSION = YES;
				CLANG_WARN_DEPRECATED_OBJC_IMPLEMENTATIONS = YES;
				CLANG_WARN_DIRECT_OBJC_ISA_USAGE = YES_ERROR;
				CLANG_WARN_DOCUMENTATION_COMMENTS = YES;
				CLANG_WARN_EMPTY_BODY = YES;
				CLANG_WARN_ENUM_CONVERSION = YES;
				CLANG_WARN_INFINITE_RECURSION = YES;
				CLANG_WARN_INT_CONVERSION = YES;
				CLANG_WARN_NON_LITERAL_NULL_CONVERSION = YES;
				CLANG_WARN_OBJC_IMPLICIT_RETAIN_SELF = YES;
				CLANG_WARN_OBJC_LITERAL_CONVERSION = YES;
				CLANG_WARN_OBJC_ROOT_CLASS = YES_ERROR;
				CLANG_WARN_QUOTED_INCLUDE_IN_FRAMEWORK_HEADER = YES;
				CLANG_WARN_RANGE_LOOP_ANALYSIS = YES;
				CLANG_WARN_STRICT_PROTOTYPES = YES;
				CLANG_WARN_SUSPICIOUS_MOVE = YES;
				CLANG_WARN_UNGUARDED_AVAILABILITY = YES_AGGRESSIVE;
				CLANG_WARN_UNREACHABLE_CODE = YES;
				CLANG_WARN__DUPLICATE_METHOD_MATCH = YES;
				COPY_PHASE_STRIP = NO;
				DEBUG_INFORMATION_FORMAT = dwarf;
				ENABLE_STRICT_OBJC_MSGSEND = YES;
				ENABLE_TESTABILITY = YES;
				GCC_C_LANGUAGE_STANDARD = gnu11;
				GCC_DYNAMIC_NO_PIC = NO;
				GCC_NO_COMMON_BLOCKS = YES;
				GCC_OPTIMIZATION_LEVEL = 0;
				GCC_PREPROCESSOR_DEFINITIONS = (
					"DEBUG=1",
					"$(inherited)",
				);
				GCC_WARN_64_TO_32_BIT_CONVERSION = YES;
				GCC_WARN_ABOUT_RETURN_TYPE = YES_ERROR;
				GCC_WARN_UNDECLARED_SELECTOR = YES;
				GCC_WARN_UNINITIALIZED_AUTOS = YES_AGGRESSIVE;
				GCC_WARN_UNUSED_FUNCTION = YES;
				GCC_WARN_UNUSED_VARIABLE = YES;
				IPHONEOS_DEPLOYMENT_TARGET = 14.5;
				MTL_ENABLE_DEBUG_INFO = INCLUDE_SOURCE;
				MTL_FAST_MATH = YES;
				ONLY_ACTIVE_ARCH = YES;
				SDKROOT = iphoneos;
				SWIFT_ACTIVE_COMPILATION_CONDITIONS = DEBUG;
				SWIFT_OPTIMIZATION_LEVEL = "-Onone";
			};
			name = Debug;
		};
		50A8CCE0263D6D43007ED9BA /* Release */ = {
			isa = XCBuildConfiguration;
			buildSettings = {
				ALWAYS_SEARCH_USER_PATHS = NO;
				CLANG_ANALYZER_NONNULL = YES;
				CLANG_ANALYZER_NUMBER_OBJECT_CONVERSION = YES_AGGRESSIVE;
				CLANG_CXX_LANGUAGE_STANDARD = "gnu++14";
				CLANG_CXX_LIBRARY = "libc++";
				CLANG_ENABLE_MODULES = YES;
				CLANG_ENABLE_OBJC_ARC = YES;
				CLANG_ENABLE_OBJC_WEAK = YES;
				CLANG_WARN_BLOCK_CAPTURE_AUTORELEASING = YES;
				CLANG_WARN_BOOL_CONVERSION = YES;
				CLANG_WARN_COMMA = YES;
				CLANG_WARN_CONSTANT_CONVERSION = YES;
				CLANG_WARN_DEPRECATED_OBJC_IMPLEMENTATIONS = YES;
				CLANG_WARN_DIRECT_OBJC_ISA_USAGE = YES_ERROR;
				CLANG_WARN_DOCUMENTATION_COMMENTS = YES;
				CLANG_WARN_EMPTY_BODY = YES;
				CLANG_WARN_ENUM_CONVERSION = YES;
				CLANG_WARN_INFINITE_RECURSION = YES;
				CLANG_WARN_INT_CONVERSION = YES;
				CLANG_WARN_NON_LITERAL_NULL_CONVERSION = YES;
				CLANG_WARN_OBJC_IMPLICIT_RETAIN_SELF = YES;
				CLANG_WARN_OBJC_LITERAL_CONVERSION = YES;
				CLANG_WARN_OBJC_ROOT_CLASS = YES_ERROR;
				CLANG_WARN_QUOTED_INCLUDE_IN_FRAMEWORK_HEADER = YES;
				CLANG_WARN_RANGE_LOOP_ANALYSIS = YES;
				CLANG_WARN_STRICT_PROTOTYPES = YES;
				CLANG_WARN_SUSPICIOUS_MOVE = YES;
				CLANG_WARN_UNGUARDED_AVAILABILITY = YES_AGGRESSIVE;
				CLANG_WARN_UNREACHABLE_CODE = YES;
				CLANG_WARN__DUPLICATE_METHOD_MATCH = YES;
				COPY_PHASE_STRIP = NO;
				DEBUG_INFORMATION_FORMAT = "dwarf-with-dsym";
				ENABLE_NS_ASSERTIONS = NO;
				ENABLE_STRICT_OBJC_MSGSEND = YES;
				GCC_C_LANGUAGE_STANDARD = gnu11;
				GCC_NO_COMMON_BLOCKS = YES;
				GCC_WARN_64_TO_32_BIT_CONVERSION = YES;
				GCC_WARN_ABOUT_RETURN_TYPE = YES_ERROR;
				GCC_WARN_UNDECLARED_SELECTOR = YES;
				GCC_WARN_UNINITIALIZED_AUTOS = YES_AGGRESSIVE;
				GCC_WARN_UNUSED_FUNCTION = YES;
				GCC_WARN_UNUSED_VARIABLE = YES;
				IPHONEOS_DEPLOYMENT_TARGET = 14.5;
				MTL_ENABLE_DEBUG_INFO = NO;
				MTL_FAST_MATH = YES;
				SDKROOT = iphoneos;
				SWIFT_COMPILATION_MODE = wholemodule;
				SWIFT_OPTIMIZATION_LEVEL = "-O";
				VALIDATE_PRODUCT = YES;
			};
			name = Release;
		};
		50A8CCE2263D6D43007ED9BA /* Debug */ = {
			isa = XCBuildConfiguration;
			buildSettings = {
				ASSETCATALOG_COMPILER_APPICON_NAME = AppIcon;
				ASSETCATALOG_COMPILER_GLOBAL_ACCENT_COLOR_NAME = AccentColor;
				CODE_SIGN_STYLE = Automatic;
				DEVELOPMENT_TEAM = 64YFRHU84T;
				INFOPLIST_FILE = Challenge/Info.plist;
				LD_RUNPATH_SEARCH_PATHS = (
					"$(inherited)",
					"@executable_path/Frameworks",
				);
				PRODUCT_BUNDLE_IDENTIFIER = com.Challenge;
				PRODUCT_NAME = "$(TARGET_NAME)";
				SWIFT_VERSION = 5.0;
				TARGETED_DEVICE_FAMILY = "1,2";
			};
			name = Debug;
		};
		50A8CCE3263D6D43007ED9BA /* Release */ = {
			isa = XCBuildConfiguration;
			buildSettings = {
				ASSETCATALOG_COMPILER_APPICON_NAME = AppIcon;
				ASSETCATALOG_COMPILER_GLOBAL_ACCENT_COLOR_NAME = AccentColor;
				CODE_SIGN_STYLE = Automatic;
				DEVELOPMENT_TEAM = 64YFRHU84T;
				INFOPLIST_FILE = Challenge/Info.plist;
				LD_RUNPATH_SEARCH_PATHS = (
					"$(inherited)",
					"@executable_path/Frameworks",
				);
				PRODUCT_BUNDLE_IDENTIFIER = com.Challenge;
				PRODUCT_NAME = "$(TARGET_NAME)";
				SWIFT_VERSION = 5.0;
				TARGETED_DEVICE_FAMILY = "1,2";
			};
			name = Release;
		};
		50A8CCE5263D6D43007ED9BA /* Debug */ = {
			isa = XCBuildConfiguration;
			buildSettings = {
				ALWAYS_EMBED_SWIFT_STANDARD_LIBRARIES = YES;
				BUNDLE_LOADER = "$(TEST_HOST)";
				CODE_SIGN_STYLE = Automatic;
				DEVELOPMENT_TEAM = 64YFRHU84T;
				INFOPLIST_FILE = ChallengeTests/Info.plist;
				IPHONEOS_DEPLOYMENT_TARGET = 14.5;
				LD_RUNPATH_SEARCH_PATHS = (
					"$(inherited)",
					"@executable_path/Frameworks",
					"@loader_path/Frameworks",
				);
				PRODUCT_BUNDLE_IDENTIFIER = com.ChallengeTests;
				PRODUCT_NAME = "$(TARGET_NAME)";
				SWIFT_VERSION = 5.0;
				TARGETED_DEVICE_FAMILY = "1,2";
				TEST_HOST = "$(BUILT_PRODUCTS_DIR)/Challenge.app/Challenge";
			};
			name = Debug;
		};
		50A8CCE6263D6D43007ED9BA /* Release */ = {
			isa = XCBuildConfiguration;
			buildSettings = {
				ALWAYS_EMBED_SWIFT_STANDARD_LIBRARIES = YES;
				BUNDLE_LOADER = "$(TEST_HOST)";
				CODE_SIGN_STYLE = Automatic;
				DEVELOPMENT_TEAM = 64YFRHU84T;
				INFOPLIST_FILE = ChallengeTests/Info.plist;
				IPHONEOS_DEPLOYMENT_TARGET = 14.5;
				LD_RUNPATH_SEARCH_PATHS = (
					"$(inherited)",
					"@executable_path/Frameworks",
					"@loader_path/Frameworks",
				);
				PRODUCT_BUNDLE_IDENTIFIER = com.ChallengeTests;
				PRODUCT_NAME = "$(TARGET_NAME)";
				SWIFT_VERSION = 5.0;
				TARGETED_DEVICE_FAMILY = "1,2";
				TEST_HOST = "$(BUILT_PRODUCTS_DIR)/Challenge.app/Challenge";
			};
			name = Release;
		};
		50A8CCE8263D6D43007ED9BA /* Debug */ = {
			isa = XCBuildConfiguration;
			buildSettings = {
				ALWAYS_EMBED_SWIFT_STANDARD_LIBRARIES = YES;
				CODE_SIGN_STYLE = Automatic;
				DEVELOPMENT_TEAM = 64YFRHU84T;
				INFOPLIST_FILE = ChallengeUITests/Info.plist;
				LD_RUNPATH_SEARCH_PATHS = (
					"$(inherited)",
					"@executable_path/Frameworks",
					"@loader_path/Frameworks",
				);
				PRODUCT_BUNDLE_IDENTIFIER = com.ChallengeUITests;
				PRODUCT_NAME = "$(TARGET_NAME)";
				SWIFT_VERSION = 5.0;
				TARGETED_DEVICE_FAMILY = "1,2";
				TEST_TARGET_NAME = Challenge;
			};
			name = Debug;
		};
		50A8CCE9263D6D43007ED9BA /* Release */ = {
			isa = XCBuildConfiguration;
			buildSettings = {
				ALWAYS_EMBED_SWIFT_STANDARD_LIBRARIES = YES;
				CODE_SIGN_STYLE = Automatic;
				DEVELOPMENT_TEAM = 64YFRHU84T;
				INFOPLIST_FILE = ChallengeUITests/Info.plist;
				LD_RUNPATH_SEARCH_PATHS = (
					"$(inherited)",
					"@executable_path/Frameworks",
					"@loader_path/Frameworks",
				);
				PRODUCT_BUNDLE_IDENTIFIER = com.ChallengeUITests;
				PRODUCT_NAME = "$(TARGET_NAME)";
				SWIFT_VERSION = 5.0;
				TARGETED_DEVICE_FAMILY = "1,2";
				TEST_TARGET_NAME = Challenge;
			};
			name = Release;
		};
/* End XCBuildConfiguration section */

/* Begin XCConfigurationList section */
		50A8CCB2263D6D33007ED9BA /* Build configuration list for PBXProject "Challenge" */ = {
			isa = XCConfigurationList;
			buildConfigurations = (
				50A8CCDF263D6D43007ED9BA /* Debug */,
				50A8CCE0263D6D43007ED9BA /* Release */,
			);
			defaultConfigurationIsVisible = 0;
			defaultConfigurationName = Release;
		};
		50A8CCE1263D6D43007ED9BA /* Build configuration list for PBXNativeTarget "Challenge" */ = {
			isa = XCConfigurationList;
			buildConfigurations = (
				50A8CCE2263D6D43007ED9BA /* Debug */,
				50A8CCE3263D6D43007ED9BA /* Release */,
			);
			defaultConfigurationIsVisible = 0;
			defaultConfigurationName = Release;
		};
		50A8CCE4263D6D43007ED9BA /* Build configuration list for PBXNativeTarget "ChallengeTests" */ = {
			isa = XCConfigurationList;
			buildConfigurations = (
				50A8CCE5263D6D43007ED9BA /* Debug */,
				50A8CCE6263D6D43007ED9BA /* Release */,
			);
			defaultConfigurationIsVisible = 0;
			defaultConfigurationName = Release;
		};
		50A8CCE7263D6D43007ED9BA /* Build configuration list for PBXNativeTarget "ChallengeUITests" */ = {
			isa = XCConfigurationList;
			buildConfigurations = (
				50A8CCE8263D6D43007ED9BA /* Debug */,
				50A8CCE9263D6D43007ED9BA /* Release */,
			);
			defaultConfigurationIsVisible = 0;
			defaultConfigurationName = Release;
		};
/* End XCConfigurationList section */

/* Begin XCRemoteSwiftPackageReference section */
		50A8CCEE263DB886007ED9BA /* XCRemoteSwiftPackageReference "SENetworking" */ = {
			isa = XCRemoteSwiftPackageReference;
			repositoryURL = "https://github.com/kudoleh/SENetworking";
			requirement = {
				kind = upToNextMajorVersion;
				minimumVersion = 1.0.7;
			};
		};
		50A8CD6126401B55007ED9BA /* XCRemoteSwiftPackageReference "Kingfisher" */ = {
			isa = XCRemoteSwiftPackageReference;
			repositoryURL = "https://github.com/onevcat/Kingfisher.git";
			requirement = {
				kind = upToNextMajorVersion;
				minimumVersion = 6.3.0;
			};
		};
/* End XCRemoteSwiftPackageReference section */

/* Begin XCSwiftPackageProductDependency section */
		50A8CCEF263DB886007ED9BA /* SENetworking */ = {
			isa = XCSwiftPackageProductDependency;
			package = 50A8CCEE263DB886007ED9BA /* XCRemoteSwiftPackageReference "SENetworking" */;
			productName = SENetworking;
		};
		50A8CD6226401B55007ED9BA /* Kingfisher */ = {
			isa = XCSwiftPackageProductDependency;
			package = 50A8CD6126401B55007ED9BA /* XCRemoteSwiftPackageReference "Kingfisher" */;
			productName = Kingfisher;
		};
/* End XCSwiftPackageProductDependency section */
	};
	rootObject = 50A8CCAF263D6D33007ED9BA /* Project object */;
}
